# This file is autogenerated, do not edit; changes may be undone by the next 'dep ensure'.


[[projects]]
  branch = "master"
  name = "github.com/dustin/go-humanize"
  packages = ["."]
  revision = "bb3d318650d48840a39aa21a027c6630e198e626"

[[projects]]
  branch = "master"
  name = "github.com/golang/protobuf"
  packages = ["proto"]
  revision = "1e59b77b52bf8e4b449a57e6f79f21226d571845"

[[projects]]
  branch = "master"
  name = "github.com/google/gtfs-realtime-bindings"
  packages = ["golang/gtfs"]
  revision = "32c4ed293b00ce7bd26c01d08638f28ae646fd8d"

[solve-meta]
  analyzer-name = "dep"
  analyzer-version = 1
  inputs-digest = "7e1616f85df6cabc1edff208b02db6f1570de9d6596abbbcfda29d800868ff08"
  solver-name = "gps-cdcl"
  solver-version = 1
