# This file is autogenerated, do not edit; changes may be undone by the next 'dep ensure'.


[[projects]]
  branch = "master"
  name = "github.com/alecthomas/jsonschema"
  packages = ["."]
  revision = "c86885e0c9addf613840ec23eabcc9dfca60ab78"

[[projects]]
  name = "github.com/dcowgill/envflag"
  packages = ["."]
  revision = "c6949bc26c30960a5b5ce8d7cdcf53350fd6812d"
  version = "v1.0"

[[projects]]
  branch = "master"
  name = "github.com/gocarina/gocsv"
  packages = ["."]
  revision = "45cbb9cde54ea46d800c4fcd1a686949ac6d87a3"

[[projects]]
  branch = "master"
  name = "github.com/golang/protobuf"
  packages = ["proto"]
  revision = "1e59b77b52bf8e4b449a57e6f79f21226d571845"

[[projects]]
  branch = "master"
  name = "github.com/google/gtfs-realtime-bindings"
  packages = ["golang/gtfs"]
  revision = "32c4ed293b00ce7bd26c01d08638f28ae646fd8d"

[[projects]]
  branch = "master"
  name = "github.com/intel-go/fastjson"
  packages = ["."]
  revision = "f846ae58a1ab4a99d9480ce565601aebd84e333a"

[[projects]]
  name = "github.com/julienschmidt/httprouter"
  packages = ["."]
  revision = "8c199fb6259ffc1af525cc3ad52ee60ba8359669"
  version = "v1.1"

[[projects]]
  name = "github.com/osamingo/jsonrpc"
  packages = ["."]
  revision = "92d51847b98f375bd5db9fd00f8b36dbc279c384"
  version = "v2.1"

[[projects]]
  name = "github.com/pkg/errors"
  packages = ["."]
  revision = "645ef00459ed84a119197bfb8d8205042c6df63d"
  version = "v0.8.0"

[solve-meta]
  analyzer-name = "dep"
  analyzer-version = 1
  inputs-digest = "a1f35ecb0d3f699c28fc94bc27f9090d9231fc19340aa53005adf6f99e8ab57f"
  solver-name = "gps-cdcl"
  solver-version = 1
