# This file is autogenerated, do not edit; changes may be undone by the next 'dep ensure'.


[[projects]]
  branch = "master"
  name = "github.com/alecthomas/jsonschema"
  packages = ["."]
  revision = "c86885e0c9addf613840ec23eabcc9dfca60ab78"

[[projects]]
  branch = "master"
  name = "github.com/gocarina/gocsv"
  packages = ["."]
  revision = "45cbb9cde54ea46d800c4fcd1a686949ac6d87a3"

[[projects]]
  branch = "master"
  name = "github.com/golang/protobuf"
  packages = ["proto"]
  revision = "1e59b77b52bf8e4b449a57e6f79f21226d571845"

[[projects]]
  branch = "master"
  name = "github.com/google/gtfs-realtime-bindings"
  packages = ["golang/gtfs"]
  revision = "32c4ed293b00ce7bd26c01d08638f28ae646fd8d"

[[projects]]
  branch = "master"
  name = "github.com/intel-go/fastjson"
  packages = ["."]
  revision = "f846ae58a1ab4a99d9480ce565601aebd84e333a"

[[projects]]
  name = "github.com/osamingo/jsonrpc"
  packages = ["."]
  revision = "92d51847b98f375bd5db9fd00f8b36dbc279c384"
  version = "v2.1"

[[projects]]
  name = "github.com/pkg/errors"
  packages = ["."]
  revision = "645ef00459ed84a119197bfb8d8205042c6df63d"
  version = "v0.8.0"

[solve-meta]
  analyzer-name = "dep"
  analyzer-version = 1
  inputs-digest = "ca1404d0c1dcc5dad129f2d55581724a68873364567f5a7528db6db04ba4cdfc"
  solver-name = "gps-cdcl"
  solver-version = 1
